<?xml version="1.0" encoding="utf-8"?>
<Project ToolsVersion="4.0" xmlns="http://schemas.microsoft.com/developer/msbuild/2003">
  <ItemGroup>
    <Filter Include="Source Files">
      <UniqueIdentifier>{4FC737F1-C7A5-4376-A066-2A32D752A2FF}</UniqueIdentifier>
      <Extensions>cpp;c;cc;cxx;c++;cppm;ixx;def;odl;idl;hpj;bat;asm;asmx</Extensions>
    </Filter>
    <Filter Include="Header Files">
      <UniqueIdentifier>{93995380-89BD-4b04-88EB-625FBE52EBFB}</UniqueIdentifier>
      <Extensions>h;hh;hpp;hxx;h++;hm;inl;inc;ipp;xsd</Extensions>
    </Filter>
    <Filter Include="Resource Files">
      <UniqueIdentifier>{67DA6AB6-F800-4c08-8B7A-83BB121AAD01}</UniqueIdentifier>
      <Extensions>rc;ico;cur;bmp;dlg;rc2;rct;bin;rgs;gif;jpg;jpeg;jpe;resx;tiff;tif;png;wav;mfcribbon-ms</Extensions>
    </Filter>
  </ItemGroup>
  <ItemGroup>
    <ClInclude Include="framework.h">
      <Filter>Header Files</Filter>
    </ClInclude>
    <ClInclude Include="Config\Config.h">
      <Filter>Header Files</Filter>
    </ClInclude>
    <ClInclude Include="DevTools\EquipmentProbe.h">
      <Filter>Header Files</Filter>
    </ClInclude>
    <ClInclude Include="DevTools\ActionTracer.h">
      <Filter>Source Files</Filter>
    </ClInclude>
    <ClInclude Include="DevTools\ObjectInspector.h">
      <Filter>Header Files</Filter>
    </ClInclude>
    <ClInclude Include="pch.h">
      <Filter>Header Files</Filter>
    </ClInclude>
    <ClInclude Include="SDK\Fable\Game.h">
      <Filter>Source Files</Filter>
    </ClInclude>
    <ClInclude Include="SDK\Utils\Hook.h">
      <Filter>Source Files</Filter>
    </ClInclude>
    <ClInclude Include="Multiplayer\Fable\LocalNetPlayer\LocalNetPlayer.h">
      <Filter>Source Files</Filter>
    </ClInclude>
    <ClInclude Include="SDK\Fable\MainGameComponent.h">
      <Filter>Source Files</Filter>
    </ClInclude>
    <ClInclude Include="Multiplayer\Fable\Multiplayer.h">
      <Filter>Source Files</Filter>
    </ClInclude>
    <ClInclude Include="Multiplayer\Fable\NetPlayer\NetPlayer.h">
      <Filter>Source Files</Filter>
    </ClInclude>
    <ClInclude Include="Multiplayer\Fable\NetPlayerManager\NetPlayerManager.h">
      <Filter>Source Files</Filter>
    </ClInclude>
    <ClInclude Include="Multiplayer\Network\Network.h">
      <Filter>Source Files</Filter>
    </ClInclude>
    <ClInclude Include="SDK\Fable\Player.h">
      <Filter>Source Files</Filter>
    </ClInclude>
    <ClInclude Include="SDK\Fable\SDK.h">
      <Filter>Source Files</Filter>
    </ClInclude>
    <ClInclude Include="SDK\Fable\PlayerManager.h">
      <Filter>Header Files</Filter>
    </ClInclude>
    <ClInclude Include="Multiplayer\Network\NetworkMessages.h">
      <Filter>Header Files</Filter>
    </ClInclude>
    <ClInclude Include="SDK\Fable\CharString.h">
      <Filter>Header Files</Filter>
    </ClInclude>
    <ClInclude Include="SDK\Fable\BaseClass.h">
      <Filter>Header Files</Filter>
    </ClInclude>
    <ClInclude Include="SDK\Fable\ThingPlayerCreature.h">
      <Filter>Header Files</Filter>
    </ClInclude>
    <ClInclude Include="SDK\Fable\ThingPlayerCreatureInit.h">
      <Filter>Header Files</Filter>
    </ClInclude>
    <ClInclude Include="SDK\Fable\3DVector.h">
      <Filter>Header Files</Filter>
    </ClInclude>
    <ClInclude Include="SDK\Fable\GamePlayerInterface.h">
      <Filter>Header Files</Filter>
    </ClInclude>
    <ClInclude Include="SDK\Fable\Thing.h">
      <Filter>Header Files</Filter>
    </ClInclude>
    <ClInclude Include="SDK\Fable\ThingPhysical.h">
      <Filter>Header Files</Filter>
    </ClInclude>
    <ClInclude Include="SDK\Fable\ThingGameObject.h">
      <Filter>Header Files</Filter>
    </ClInclude>
    <ClInclude Include="SDK\Fable\ThingCreatureBase.h">
      <Filter>Header Files</Filter>
    </ClInclude>
    <ClInclude Include="SDK\Fable\CoopSpirit.h">
      <Filter>Header Files</Filter>
    </ClInclude>
    <ClInclude Include="SDK\Fable\World.h">
      <Filter>Header Files</Filter>
    </ClInclude>
    <ClInclude Include="SDK\Fable\GameEvent.h">
      <Filter>Header Files</Filter>
    </ClInclude>
    <ClInclude Include="SDK\Fable\DefString.h">
      <Filter>Header Files</Filter>
    </ClInclude>
    <ClInclude Include="SDK\Fable\DefStringTable.h">
      <Filter>Header Files</Filter>
    </ClInclude>
    <ClInclude Include="SDK\Fable\DefinitionManager.h">
      <Filter>Header Files</Filter>
    </ClInclude>
    <ClInclude Include="SDK\Fable\PhysicsBase.h">
      <Filter>Header Files</Filter>
    </ClInclude>
    <ClInclude Include="SDK\Fable\WorldMap.h">
      <Filter>Header Files</Filter>
    </ClInclude>
    <ClInclude Include="SDK\Fable\PhysicsControlled.h">
      <Filter>Header Files</Filter>
    </ClInclude>
    <ClInclude Include="SDK\Fable\HeroAppearanceModifiers.h">
      <Filter>Source Files</Filter>
    </ClInclude>
    <ClInclude Include="SDK\Fable\GameAction.h">
      <Filter>Header Files</Filter>
    </ClInclude>
    <ClInclude Include="SDK\Fable\PhysicsStandard.h">
      <Filter>Header Files</Filter>
    </ClInclude>
    <ClInclude Include="SDK\Fable\RightHandedSet.h">
      <Filter>Header Files</Filter>
    </ClInclude>
    <ClInclude Include="Multiplayer\Fable\NetMainGameComponent\NetMainGameComponent.h">
      <Filter>Header Files</Filter>
    </ClInclude>
  </ItemGroup>
  <ItemGroup>
    <ClCompile Include="dllmain.cpp">
      <Filter>Source Files</Filter>
    </ClCompile>
    <ClCompile Include="DevTools\EquipmentProbe.cpp">
      <Filter>Source Files</Filter>
    </ClCompile>
    <ClCompile Include="DevTools\ActionTracer.cpp">
      <Filter>Source Files</Filter>
    </ClCompile>
    <ClCompile Include="DevTools\ObjectInspector.cpp">
      <Filter>Source Files</Filter>
    </ClCompile>
    <ClCompile Include="Config\Config.cpp">
      <Filter>Source Files</Filter>
    </ClCompile>
    <ClCompile Include="SDK\Fable\Game.cpp">
      <Filter>Source Files</Filter>
    </ClCompile>
    <ClCompile Include="Multiplayer\Fable\LocalNetPlayer\LocalNetPlayer.cpp">
      <Filter>Source Files</Filter>
    </ClCompile>
    <ClCompile Include="SDK\Fable\MainGameComponent.cpp">
      <Filter>Source Files</Filter>
    </ClCompile>
    <ClCompile Include="Multiplayer\Fable\Multiplayer.cpp">
      <Filter>Source Files</Filter>
    </ClCompile>
    <ClCompile Include="Multiplayer\Fable\NetPlayer\NetPlayer.cpp">
      <Filter>Source Files</Filter>
    </ClCompile>
    <ClCompile Include="Multiplayer\Fable\NetPlayerManager\NetPlayerManager.cpp">
      <Filter>Source Files</Filter>
    </ClCompile>
    <ClCompile Include="Multiplayer\Network\Network.cpp">
      <Filter>Source Files</Filter>
    </ClCompile>
    <ClCompile Include="pch.cpp">
      <Filter>Source Files</Filter>
    </ClCompile>
    <ClCompile Include="SDK\Fable\Player.cpp">
      <Filter>Source Files</Filter>
    </ClCompile>
    <ClCompile Include="SDK\Fable\SDK.cpp">
      <Filter>Source Files</Filter>
    </ClCompile>
    <ClCompile Include="SDK\Fable\PlayerManager.cpp">
      <Filter>Source Files</Filter>
    </ClCompile>
    <ClCompile Include="SDK\Fable\CharString.cpp">
      <Filter>Source Files</Filter>
    </ClCompile>
    <ClCompile Include="SDK\Fable\BaseClass.cpp">
      <Filter>Source Files</Filter>
    </ClCompile>
    <ClCompile Include="SDK\Fable\ThingPlayerCreature.cpp">
      <Filter>Source Files</Filter>
    </ClCompile>
    <ClCompile Include="SDK\Fable\ThingPlayerCreatureInit.cpp">
      <Filter>Source Files</Filter>
    </ClCompile>
    <ClCompile Include="SDK\Fable\3DVector.cpp">
      <Filter>Source Files</Filter>
    </ClCompile>
    <ClCompile Include="SDK\Fable\GamePlayerInterface.cpp">
      <Filter>Source Files</Filter>
    </ClCompile>
    <ClCompile Include="SDK\Fable\Thing.cpp">
      <Filter>Source Files</Filter>
    </ClCompile>
    <ClCompile Include="SDK\Fable\ThingPhysical.cpp">
      <Filter>Source Files</Filter>
    </ClCompile>
    <ClCompile Include="SDK\Fable\ThingGameObject.cpp">
      <Filter>Source Files</Filter>
    </ClCompile>
    <ClCompile Include="SDK\Fable\ThingCreatureBase.cpp">
      <Filter>Source Files</Filter>
    </ClCompile>
    <ClCompile Include="SDK\Fable\CoopSpirit.cpp">
      <Filter>Source Files</Filter>
    </ClCompile>
    <ClCompile Include="SDK\Fable\World.cpp">
      <Filter>Source Files</Filter>
    </ClCompile>
    <ClCompile Include="SDK\Fable\GameEvent.cpp">
      <Filter>Source Files</Filter>
    </ClCompile>
    <ClCompile Include="SDK\Fable\DefString.cpp">
      <Filter>Source Files</Filter>
    </ClCompile>
    <ClCompile Include="SDK\Fable\DefStringTable.cpp">
      <Filter>Source Files</Filter>
    </ClCompile>
    <ClCompile Include="SDK\Fable\DefinitionManager.cpp">
      <Filter>Source Files</Filter>
    </ClCompile>
    <ClCompile Include="SDK\Fable\PhysicsBase.cpp">
      <Filter>Source Files</Filter>
    </ClCompile>
    <ClCompile Include="SDK\Fable\WorldMap.cpp">
      <Filter>Source Files</Filter>
    </ClCompile>
    <ClCompile Include="SDK\Fable\PhysicsControlled.cpp">
      <Filter>Source Files</Filter>
    </ClCompile>
    <ClCompile Include="SDK\Fable\PhysicsStandard.cpp">
      <Filter>Source Files</Filter>
    </ClCompile>
    <ClCompile Include="SDK\Fable\RightHandedSet.cpp">
      <Filter>Source Files</Filter>
    </ClCompile>
    <ClCompile Include="Multiplayer\Fable\NetMainGameComponent\NetMainGameComponent.cpp">
      <Filter>Source Files</Filter>
    </ClCompile>
    <ClCompile Include="Multiplayer\Fable\NetPlayerManager\NetPlayerManagerUtils.cpp">
      <Filter>Source Files</Filter>
    </ClCompile>
    <ClCompile Include="Multiplayer\Fable\NetPlayerManager\NetPlayerManagerSession.cpp">
      <Filter>Source Files</Filter>
    </ClCompile>
    <ClCompile Include="Multiplayer\Network\NetworkUtils.cpp">
      <Filter>Source Files</Filter>
    </ClCompile>
    <ClCompile Include="Multiplayer\Network\NetworkSender.cpp">
      <Filter>Source Files</Filter>
    </ClCompile>
    <ClCompile Include="Multiplayer\Network\NetworkDispatcher.cpp">
      <Filter>Source Files</Filter>
    </ClCompile>
    <ClCompile Include="SDK\Fable\HeroAppearanceModifiers.cpp">
      <Filter>Source Files</Filter>
    </ClCompile>
    <ClCompile Include="Multiplayer\Fable\NetPlayerManager\NetPlayerManagerAppearance.cpp">
      <Filter>Source Files</Filter>
    </ClCompile>
    <ClCompile Include="Multiplayer\Fable\NetPlayerManager\NetPlayerManagerLifecycle.cpp">
      <Filter>Source Files</Filter>
    </ClCompile>
    <ClCompile Include="Multiplayer\Fable\NetPlayerManager\NetPlayerManagerMotion.cpp">
      <Filter>Source Files</Filter>
    </ClCompile>
  </ItemGroup>
</Project>